{
  "requires": true,
  "lockfileVersion": 1,
  "dependencies": {
    "@progress/kendo-theme-bootstrap": {
      "version": "4.21.1",
      "resolved": "https://registry.npmjs.org/@progress/kendo-theme-bootstrap/-/kendo-theme-bootstrap-4.21.1.tgz",
      "integrity": "sha512-MQu0TxvembYbQIVqvdiNMKDfrjCgnK8EB6RWbVHCxEM0rxz2KYadJMGT6GKEqDzCcYLAczRfBWfGJczinJBg+w=="
    }
  }
}
